
Microsoft Visual Studio Solution File, Format Version 12.00
# Visual Studio Version 16
VisualStudioVersion = 16.0.30711.63
MinimumVisualStudioVersion = 10.0.40219.1
Project("{9A19103F-16F7-4668-BE54-9A1E7A4F7556}") = "EE579.Api", "IFTT.Api\EE579.Api.csproj", "{66BC0387-8915-467D-8EAB-0AFA5AC05617}"
EndProject
Project("{9A19103F-16F7-4668-BE54-9A1E7A4F7556}") = "EE579.Core", "IFTT.Core\EE579.Core.csproj", "{22214315-72BF-462A-A3E5-F903CA539C90}"
EndProject
Global
	GlobalSection(SolutionConfigurationPlatforms) = preSolution
		Debug|Any CPU = Debug|Any CPU
		Release|Any CPU = Release|Any CPU
	EndGlobalSection
	GlobalSection(ProjectConfigurationPlatforms) = postSolution
		{66BC0387-8915-467D-8EAB-0AFA5AC05617}.Debug|Any CPU.ActiveCfg = Debug|Any CPU
		{66BC0387-8915-467D-8EAB-0AFA5AC05617}.Debug|Any CPU.Build.0 = Debug|Any CPU
		{66BC0387-8915-467D-8EAB-0AFA5AC05617}.Release|Any CPU.ActiveCfg = Release|Any CPU
		{66BC0387-8915-467D-8EAB-0AFA5AC05617}.Release|Any CPU.Build.0 = Release|Any CPU
		{22214315-72BF-462A-A3E5-F903CA539C90}.Debug|Any CPU.ActiveCfg = Debug|Any CPU
		{22214315-72BF-462A-A3E5-F903CA539C90}.Debug|Any CPU.Build.0 = Debug|Any CPU
		{22214315-72BF-462A-A3E5-F903CA539C90}.Release|Any CPU.ActiveCfg = Release|Any CPU
		{22214315-72BF-462A-A3E5-F903CA539C90}.Release|Any CPU.Build.0 = Release|Any CPU
	EndGlobalSection
	GlobalSection(SolutionProperties) = preSolution
		HideSolutionNode = FALSE
	EndGlobalSection
	GlobalSection(ExtensibilityGlobals) = postSolution
		SolutionGuid = {E1D9682E-D0FE-400D-917A-2183576AB556}
	EndGlobalSection
EndGlobal
